
Microsoft Visual Studio Solution File, Format Version 12.00
# Visual Studio Version 17
VisualStudioVersion = 17.0.31903.59
MinimumVisualStudioVersion = 10.0.40219.1
Project("{FAE04EC0-301F-11D3-BF4B-00C04F79EFBC}") = "AstonMartin.API", "AstonMartin.API\AstonMartin.API.csproj", "{1ED73085-5A9E-4100-A593-3427535BFFA5}"
EndProject
Project("{FAE04EC0-301F-11D3-BF4B-00C04F79EFBC}") = "AstonMartin.Domain", "AstonMartin.Domain\AstonMartin.Domain.csproj", "{BD03BC64-CF8A-49F8-8D68-110660B6EFBD}"
EndProject
Project("{FAE04EC0-301F-11D3-BF4B-00C04F79EFBC}") = "AstonMartin.Service", "AstonMartin.Service\AstonMartin.Service.csproj", "{FCEEEE82-3865-4F42-9A38-EEA0A95CDF2D}"
EndProject
Global
	GlobalSection(SolutionConfigurationPlatforms) = preSolution
		Debug|Any CPU = Debug|Any CPU
		Release|Any CPU = Release|Any CPU
	EndGlobalSection
	GlobalSection(SolutionProperties) = preSolution
		HideSolutionNode = FALSE
	EndGlobalSection
	GlobalSection(ProjectConfigurationPlatforms) = postSolution
		{1ED73085-5A9E-4100-A593-3427535BFFA5}.Debug|Any CPU.ActiveCfg = Debug|Any CPU
		{1ED73085-5A9E-4100-A593-3427535BFFA5}.Debug|Any CPU.Build.0 = Debug|Any CPU
		{1ED73085-5A9E-4100-A593-3427535BFFA5}.Release|Any CPU.ActiveCfg = Release|Any CPU
		{1ED73085-5A9E-4100-A593-3427535BFFA5}.Release|Any CPU.Build.0 = Release|Any CPU
		{BD03BC64-CF8A-49F8-8D68-110660B6EFBD}.Debug|Any CPU.ActiveCfg = Debug|Any CPU
		{BD03BC64-CF8A-49F8-8D68-110660B6EFBD}.Debug|Any CPU.Build.0 = Debug|Any CPU
		{BD03BC64-CF8A-49F8-8D68-110660B6EFBD}.Release|Any CPU.ActiveCfg = Release|Any CPU
		{BD03BC64-CF8A-49F8-8D68-110660B6EFBD}.Release|Any CPU.Build.0 = Release|Any CPU
		{FCEEEE82-3865-4F42-9A38-EEA0A95CDF2D}.Debug|Any CPU.ActiveCfg = Debug|Any CPU
		{FCEEEE82-3865-4F42-9A38-EEA0A95CDF2D}.Debug|Any CPU.Build.0 = Debug|Any CPU
		{FCEEEE82-3865-4F42-9A38-EEA0A95CDF2D}.Release|Any CPU.ActiveCfg = Release|Any CPU
		{FCEEEE82-3865-4F42-9A38-EEA0A95CDF2D}.Release|Any CPU.Build.0 = Release|Any CPU
	EndGlobalSection
EndGlobal
